// !$*UTF8*$!
{
	archiveVersion = 1;
	classes = {
	};
	objectVersion = 56;
	objects = {

/* Begin PBXBuildFile section */
		99A3B881299B9F7800AE76A8 /* TMPracticeClientApp.swift in Sources */ = {isa = PBXBuildFile; fileRef = 99A3B880299B9F7800AE76A8 /* TMPracticeClientApp.swift */; };
		99A3B883299B9F7800AE76A8 /* ContentView.swift in Sources */ = {isa = PBXBuildFile; fileRef = 99A3B882299B9F7800AE76A8 /* ContentView.swift */; };
		99A3B885299B9F7B00AE76A8 /* Assets.xcassets in Resources */ = {isa = PBXBuildFile; fileRef = 99A3B884299B9F7B00AE76A8 /* Assets.xcassets */; };
		99A3B888299B9F7B00AE76A8 /* Preview Assets.xcassets in Resources */ = {isa = PBXBuildFile; fileRef = 99A3B887299B9F7B00AE76A8 /* Preview Assets.xcassets */; };
		99A3B892299B9F7C00AE76A8 /* TMPracticeClientTests.swift in Sources */ = {isa = PBXBuildFile; fileRef = 99A3B891299B9F7C00AE76A8 /* TMPracticeClientTests.swift */; };
		99A3B89C299B9F7C00AE76A8 /* TMPracticeClientUITests.swift in Sources */ = {isa = PBXBuildFile; fileRef = 99A3B89B299B9F7C00AE76A8 /* TMPracticeClientUITests.swift */; };
		99A3B89E299B9F7C00AE76A8 /* TMPracticeClientUITestsLaunchTests.swift in Sources */ = {isa = PBXBuildFile; fileRef = 99A3B89D299B9F7C00AE76A8 /* TMPracticeClientUITestsLaunchTests.swift */; };
		99DA5FD329A3562300DC0E1B /* TMMemoListRow.swift in Sources */ = {isa = PBXBuildFile; fileRef = 99DA5FD229A3562300DC0E1B /* TMMemoListRow.swift */; };
		99DA5FD529A357F100DC0E1B /* TMMemoListScrollView.swift in Sources */ = {isa = PBXBuildFile; fileRef = 99DA5FD429A357F100DC0E1B /* TMMemoListScrollView.swift */; };
		99DA5FD729A35A7C00DC0E1B /* TMMemoListHeaderView.swift in Sources */ = {isa = PBXBuildFile; fileRef = 99DA5FD629A35A7C00DC0E1B /* TMMemoListHeaderView.swift */; };
		99DA5FD929A360F900DC0E1B /* TMCreateMemoView.swift in Sources */ = {isa = PBXBuildFile; fileRef = 99DA5FD829A360F900DC0E1B /* TMCreateMemoView.swift */; };
		99DA602929A5048300DC0E1B /* Model in Resources */ = {isa = PBXBuildFile; fileRef = 99DA602829A5048300DC0E1B /* Model */; };
		99DA602B29A5051A00DC0E1B /* AppDelegate.swift in Sources */ = {isa = PBXBuildFile; fileRef = 99DA602A29A5051A00DC0E1B /* AppDelegate.swift */; };
		99DA602D29A5052900DC0E1B /* SceneDelegate.swift in Sources */ = {isa = PBXBuildFile; fileRef = 99DA602C29A5052900DC0E1B /* SceneDelegate.swift */; };
/* End PBXBuildFile section */

/* Begin PBXContainerItemProxy section */
		99A3B88E299B9F7C00AE76A8 /* PBXContainerItemProxy */ = {
			isa = PBXContainerItemProxy;
			containerPortal = 99A3B875299B9F7800AE76A8 /* Project object */;
			proxyType = 1;
			remoteGlobalIDString = 99A3B87C299B9F7800AE76A8;
			remoteInfo = TMPracticeClient;
		};
		99A3B898299B9F7C00AE76A8 /* PBXContainerItemProxy */ = {
			isa = PBXContainerItemProxy;
			containerPortal = 99A3B875299B9F7800AE76A8 /* Project object */;
			proxyType = 1;
			remoteGlobalIDString = 99A3B87C299B9F7800AE76A8;
			remoteInfo = TMPracticeClient;
		};
/* End PBXContainerItemProxy section */

/* Begin PBXFileReference section */
		99A3B87D299B9F7800AE76A8 /* TMPracticeClient.app */ = {isa = PBXFileReference; explicitFileType = wrapper.application; includeInIndex = 0; path = TMPracticeClient.app; sourceTree = BUILT_PRODUCTS_DIR; };
		99A3B880299B9F7800AE76A8 /* TMPracticeClientApp.swift */ = {isa = PBXFileReference; lastKnownFileType = sourcecode.swift; path = TMPracticeClientApp.swift; sourceTree = "<group>"; };
		99A3B882299B9F7800AE76A8 /* ContentView.swift */ = {isa = PBXFileReference; lastKnownFileType = sourcecode.swift; path = ContentView.swift; sourceTree = "<group>"; };
		99A3B884299B9F7B00AE76A8 /* Assets.xcassets */ = {isa = PBXFileReference; lastKnownFileType = folder.assetcatalog; path = Assets.xcassets; sourceTree = "<group>"; };
		99A3B887299B9F7B00AE76A8 /* Preview Assets.xcassets */ = {isa = PBXFileReference; lastKnownFileType = folder.assetcatalog; path = "Preview Assets.xcassets"; sourceTree = "<group>"; };
		99A3B88D299B9F7C00AE76A8 /* TMPracticeClientTests.xctest */ = {isa = PBXFileReference; explicitFileType = wrapper.cfbundle; includeInIndex = 0; path = TMPracticeClientTests.xctest; sourceTree = BUILT_PRODUCTS_DIR; };
		99A3B891299B9F7C00AE76A8 /* TMPracticeClientTests.swift */ = {isa = PBXFileReference; lastKnownFileType = sourcecode.swift; path = TMPracticeClientTests.swift; sourceTree = "<group>"; };
		99A3B897299B9F7C00AE76A8 /* TMPracticeClientUITests.xctest */ = {isa = PBXFileReference; explicitFileType = wrapper.cfbundle; includeInIndex = 0; path = TMPracticeClientUITests.xctest; sourceTree = BUILT_PRODUCTS_DIR; };
		99A3B89B299B9F7C00AE76A8 /* TMPracticeClientUITests.swift */ = {isa = PBXFileReference; lastKnownFileType = sourcecode.swift; path = TMPracticeClientUITests.swift; sourceTree = "<group>"; };
		99A3B89D299B9F7C00AE76A8 /* TMPracticeClientUITestsLaunchTests.swift */ = {isa = PBXFileReference; lastKnownFileType = sourcecode.swift; path = TMPracticeClientUITestsLaunchTests.swift; sourceTree = "<group>"; };
		99DA5FD229A3562300DC0E1B /* TMMemoListRow.swift */ = {isa = PBXFileReference; lastKnownFileType = sourcecode.swift; path = TMMemoListRow.swift; sourceTree = "<group>"; };
		99DA5FD429A357F100DC0E1B /* TMMemoListScrollView.swift */ = {isa = PBXFileReference; lastKnownFileType = sourcecode.swift; path = TMMemoListScrollView.swift; sourceTree = "<group>"; };
		99DA5FD629A35A7C00DC0E1B /* TMMemoListHeaderView.swift */ = {isa = PBXFileReference; lastKnownFileType = sourcecode.swift; path = TMMemoListHeaderView.swift; sourceTree = "<group>"; };
		99DA5FD829A360F900DC0E1B /* TMCreateMemoView.swift */ = {isa = PBXFileReference; lastKnownFileType = sourcecode.swift; path = TMCreateMemoView.swift; sourceTree = "<group>"; };
		99DA602829A5048300DC0E1B /* Model */ = {isa = PBXFileReference; lastKnownFileType = folder; path = Model; sourceTree = "<group>"; };
		99DA602A29A5051A00DC0E1B /* AppDelegate.swift */ = {isa = PBXFileReference; fileEncoding = 4; lastKnownFileType = sourcecode.swift; path = AppDelegate.swift; sourceTree = "<group>"; };
		99DA602C29A5052900DC0E1B /* SceneDelegate.swift */ = {isa = PBXFileReference; fileEncoding = 4; lastKnownFileType = sourcecode.swift; path = SceneDelegate.swift; sourceTree = "<group>"; };
/* End PBXFileReference section */

/* Begin PBXFrameworksBuildPhase section */
		99A3B87A299B9F7800AE76A8 /* Frameworks */ = {
			isa = PBXFrameworksBuildPhase;
			buildActionMask = 2147483647;
			files = (
			);
			runOnlyForDeploymentPostprocessing = 0;
		};
		99A3B88A299B9F7C00AE76A8 /* Frameworks */ = {
			isa = PBXFrameworksBuildPhase;
			buildActionMask = 2147483647;
			files = (
			);
			runOnlyForDeploymentPostprocessing = 0;
		};
		99A3B894299B9F7C00AE76A8 /* Frameworks */ = {
			isa = PBXFrameworksBuildPhase;
			buildActionMask = 2147483647;
			files = (
			);
			runOnlyForDeploymentPostprocessing = 0;
		};
/* End PBXFrameworksBuildPhase section */

/* Begin PBXGroup section */
		99A3B874299B9F7800AE76A8 = {
			isa = PBXGroup;
			children = (
				99A3B87F299B9F7800AE76A8 /* TMPracticeClient */,
				99A3B890299B9F7C00AE76A8 /* TMPracticeClientTests */,
				99A3B89A299B9F7C00AE76A8 /* TMPracticeClientUITests */,
				99A3B87E299B9F7800AE76A8 /* Products */,
			);
			sourceTree = "<group>";
		};
		99A3B87E299B9F7800AE76A8 /* Products */ = {
			isa = PBXGroup;
			children = (
				99A3B87D299B9F7800AE76A8 /* TMPracticeClient.app */,
				99A3B88D299B9F7C00AE76A8 /* TMPracticeClientTests.xctest */,
				99A3B897299B9F7C00AE76A8 /* TMPracticeClientUITests.xctest */,
			);
			name = Products;
			sourceTree = "<group>";
		};
		99A3B87F299B9F7800AE76A8 /* TMPracticeClient */ = {
			isa = PBXGroup;
			children = (
				99A3B8AB299BA08B00AE76A8 /* Modules */,
				99A3B8AA299BA06900AE76A8 /* UI */,
				99A3B880299B9F7800AE76A8 /* TMPracticeClientApp.swift */,
				99A3B882299B9F7800AE76A8 /* ContentView.swift */,
				99DA602A29A5051A00DC0E1B /* AppDelegate.swift */,
				99DA602C29A5052900DC0E1B /* SceneDelegate.swift */,
				99A3B884299B9F7B00AE76A8 /* Assets.xcassets */,
				99DA602829A5048300DC0E1B /* Model */,
				99A3B886299B9F7B00AE76A8 /* Preview Content */,
			);
			path = TMPracticeClient;
			sourceTree = "<group>";
		};
		99A3B886299B9F7B00AE76A8 /* Preview Content */ = {
			isa = PBXGroup;
			children = (
				99A3B887299B9F7B00AE76A8 /* Preview Assets.xcassets */,
			);
			path = "Preview Content";
			sourceTree = "<group>";
		};
		99A3B890299B9F7C00AE76A8 /* TMPracticeClientTests */ = {
			isa = PBXGroup;
			children = (
				99A3B891299B9F7C00AE76A8 /* TMPracticeClientTests.swift */,
			);
			path = TMPracticeClientTests;
			sourceTree = "<group>";
		};
		99A3B89A299B9F7C00AE76A8 /* TMPracticeClientUITests */ = {
			isa = PBXGroup;
			children = (
				99A3B89B299B9F7C00AE76A8 /* TMPracticeClientUITests.swift */,
				99A3B89D299B9F7C00AE76A8 /* TMPracticeClientUITestsLaunchTests.swift */,
			);
			path = TMPracticeClientUITests;
			sourceTree = "<group>";
		};
		99A3B8AA299BA06900AE76A8 /* UI */ = {
			isa = PBXGroup;
			children = (
				99DA5FD129A3560800DC0E1B /* Components */,
				99DA5FD429A357F100DC0E1B /* TMMemoListScrollView.swift */,
				99DA5FD829A360F900DC0E1B /* TMCreateMemoView.swift */,
			);
			path = UI;
			sourceTree = "<group>";
		};
		99A3B8AB299BA08B00AE76A8 /* Modules */ = {
			isa = PBXGroup;
			children = (
			);
			path = Modules;
			sourceTree = "<group>";
		};
		99DA5FD129A3560800DC0E1B /* Components */ = {
			isa = PBXGroup;
			children = (
				99DA5FD229A3562300DC0E1B /* TMMemoListRow.swift */,
				99DA5FD629A35A7C00DC0E1B /* TMMemoListHeaderView.swift */,
			);
			path = Components;
			sourceTree = "<group>";
		};
/* End PBXGroup section */

/* Begin PBXNativeTarget section */
		99A3B87C299B9F7800AE76A8 /* TMPracticeClient */ = {
			isa = PBXNativeTarget;
			buildConfigurationList = 99A3B8A1299B9F7C00AE76A8 /* Build configuration list for PBXNativeTarget "TMPracticeClient" */;
			buildPhases = (
				99A3B879299B9F7800AE76A8 /* Sources */,
				99A3B87A299B9F7800AE76A8 /* Frameworks */,
				99A3B87B299B9F7800AE76A8 /* Resources */,
			);
			buildRules = (
			);
			dependencies = (
			);
			name = TMPracticeClient;
			productName = TMPracticeClient;
			productReference = 99A3B87D299B9F7800AE76A8 /* TMPracticeClient.app */;
			productType = "com.apple.product-type.application";
		};
		99A3B88C299B9F7C00AE76A8 /* TMPracticeClientTests */ = {
			isa = PBXNativeTarget;
			buildConfigurationList = 99A3B8A4299B9F7C00AE76A8 /* Build configuration list for PBXNativeTarget "TMPracticeClientTests" */;
			buildPhases = (
				99A3B889299B9F7C00AE76A8 /* Sources */,
				99A3B88A299B9F7C00AE76A8 /* Frameworks */,
				99A3B88B299B9F7C00AE76A8 /* Resources */,
			);
			buildRules = (
			);
			dependencies = (
				99A3B88F299B9F7C00AE76A8 /* PBXTargetDependency */,
			);
			name = TMPracticeClientTests;
			productName = TMPracticeClientTests;
			productReference = 99A3B88D299B9F7C00AE76A8 /* TMPracticeClientTests.xctest */;
			productType = "com.apple.product-type.bundle.unit-test";
		};
		99A3B896299B9F7C00AE76A8 /* TMPracticeClientUITests */ = {
			isa = PBXNativeTarget;
			buildConfigurationList = 99A3B8A7299B9F7C00AE76A8 /* Build configuration list for PBXNativeTarget "TMPracticeClientUITests" */;
			buildPhases = (
				99A3B893299B9F7C00AE76A8 /* Sources */,
				99A3B894299B9F7C00AE76A8 /* Frameworks */,
				99A3B895299B9F7C00AE76A8 /* Resources */,
			);
			buildRules = (
			);
			dependencies = (
				99A3B899299B9F7C00AE76A8 /* PBXTargetDependency */,
			);
			name = TMPracticeClientUITests;
			productName = TMPracticeClientUITests;
			productReference = 99A3B897299B9F7C00AE76A8 /* TMPracticeClientUITests.xctest */;
			productType = "com.apple.product-type.bundle.ui-testing";
		};
/* End PBXNativeTarget section */

/* Begin PBXProject section */
		99A3B875299B9F7800AE76A8 /* Project object */ = {
			isa = PBXProject;
			attributes = {
				BuildIndependentTargetsInParallel = 1;
				LastSwiftUpdateCheck = 1420;
				LastUpgradeCheck = 1420;
				TargetAttributes = {
					99A3B87C299B9F7800AE76A8 = {
						CreatedOnToolsVersion = 14.2;
					};
					99A3B88C299B9F7C00AE76A8 = {
						CreatedOnToolsVersion = 14.2;
						TestTargetID = 99A3B87C299B9F7800AE76A8;
					};
					99A3B896299B9F7C00AE76A8 = {
						CreatedOnToolsVersion = 14.2;
						TestTargetID = 99A3B87C299B9F7800AE76A8;
					};
				};
			};
			buildConfigurationList = 99A3B878299B9F7800AE76A8 /* Build configuration list for PBXProject "TMPracticeClient" */;
			compatibilityVersion = "Xcode 14.0";
			developmentRegion = en;
			hasScannedForEncodings = 0;
			knownRegions = (
				en,
				Base,
			);
			mainGroup = 99A3B874299B9F7800AE76A8;
			productRefGroup = 99A3B87E299B9F7800AE76A8 /* Products */;
			projectDirPath = "";
			projectRoot = "";
			targets = (
				99A3B87C299B9F7800AE76A8 /* TMPracticeClient */,
				99A3B88C299B9F7C00AE76A8 /* TMPracticeClientTests */,
				99A3B896299B9F7C00AE76A8 /* TMPracticeClientUITests */,
			);
		};
/* End PBXProject section */

/* Begin PBXResourcesBuildPhase section */
		99A3B87B299B9F7800AE76A8 /* Resources */ = {
			isa = PBXResourcesBuildPhase;
			buildActionMask = 2147483647;
			files = (
				99DA602929A5048300DC0E1B /* Model in Resources */,
				99A3B888299B9F7B00AE76A8 /* Preview Assets.xcassets in Resources */,
				99A3B885299B9F7B00AE76A8 /* Assets.xcassets in Resources */,
			);
			runOnlyForDeploymentPostprocessing = 0;
		};
		99A3B88B299B9F7C00AE76A8 /* Resources */ = {
			isa = PBXResourcesBuildPhase;
			buildActionMask = 2147483647;
			files = (
			);
			runOnlyForDeploymentPostprocessing = 0;
		};
		99A3B895299B9F7C00AE76A8 /* Resources */ = {
			isa = PBXResourcesBuildPhase;
			buildActionMask = 2147483647;
			files = (
			);
			runOnlyForDeploymentPostprocessing = 0;
		};
/* End PBXResourcesBuildPhase section */

/* Begin PBXSourcesBuildPhase section */
		99A3B879299B9F7800AE76A8 /* Sources */ = {
			isa = PBXSourcesBuildPhase;
			buildActionMask = 2147483647;
			files = (
				99A3B883299B9F7800AE76A8 /* ContentView.swift in Sources */,
				99DA5FD929A360F900DC0E1B /* TMCreateMemoView.swift in Sources */,
				99DA5FD329A3562300DC0E1B /* TMMemoListRow.swift in Sources */,
				99DA5FD729A35A7C00DC0E1B /* TMMemoListHeaderView.swift in Sources */,
				99DA602B29A5051A00DC0E1B /* AppDelegate.swift in Sources */,
				99DA5FD529A357F100DC0E1B /* TMMemoListScrollView.swift in Sources */,
				99A3B881299B9F7800AE76A8 /* TMPracticeClientApp.swift in Sources */,
				99DA602D29A5052900DC0E1B /* SceneDelegate.swift in Sources */,
			);
			runOnlyForDeploymentPostprocessing = 0;
		};
		99A3B889299B9F7C00AE76A8 /* Sources */ = {
			isa = PBXSourcesBuildPhase;
			buildActionMask = 2147483647;
			files = (
				99A3B892299B9F7C00AE76A8 /* TMPracticeClientTests.swift in Sources */,
			);
			runOnlyForDeploymentPostprocessing = 0;
		};
		99A3B893299B9F7C00AE76A8 /* Sources */ = {
			isa = PBXSourcesBuildPhase;
			buildActionMask = 2147483647;
			files = (
				99A3B89C299B9F7C00AE76A8 /* TMPracticeClientUITests.swift in Sources */,
				99A3B89E299B9F7C00AE76A8 /* TMPracticeClientUITestsLaunchTests.swift in Sources */,
			);
			runOnlyForDeploymentPostprocessing = 0;
		};
/* End PBXSourcesBuildPhase section */

/* Begin PBXTargetDependency section */
		99A3B88F299B9F7C00AE76A8 /* PBXTargetDependency */ = {
			isa = PBXTargetDependency;
			target = 99A3B87C299B9F7800AE76A8 /* TMPracticeClient */;
			targetProxy = 99A3B88E299B9F7C00AE76A8 /* PBXContainerItemProxy */;
		};
		99A3B899299B9F7C00AE76A8 /* PBXTargetDependency */ = {
			isa = PBXTargetDependency;
			target = 99A3B87C299B9F7800AE76A8 /* TMPracticeClient */;
			targetProxy = 99A3B898299B9F7C00AE76A8 /* PBXContainerItemProxy */;
		};
/* End PBXTargetDependency section */

/* Begin XCBuildConfiguration section */
		99A3B89F299B9F7C00AE76A8 /* Debug */ = {
			isa = XCBuildConfiguration;
			buildSettings = {
				ALWAYS_SEARCH_USER_PATHS = NO;
				CLANG_ANALYZER_NONNULL = YES;
				CLANG_ANALYZER_NUMBER_OBJECT_CONVERSION = YES_AGGRESSIVE;
				CLANG_CXX_LANGUAGE_STANDARD = "gnu++20";
				CLANG_ENABLE_MODULES = YES;
				CLANG_ENABLE_OBJC_ARC = YES;
				CLANG_ENABLE_OBJC_WEAK = YES;
				CLANG_WARN_BLOCK_CAPTURE_AUTORELEASING = YES;
				CLANG_WARN_BOOL_CONVERSION = YES;
				CLANG_WARN_COMMA = YES;
				CLANG_WARN_CONSTANT_CONVERSION = YES;
				CLANG_WARN_DEPRECATED_OBJC_IMPLEMENTATIONS = YES;
				CLANG_WARN_DIRECT_OBJC_ISA_USAGE = YES_ERROR;
				CLANG_WARN_DOCUMENTATION_COMMENTS = YES;
				CLANG_WARN_EMPTY_BODY = YES;
				CLANG_WARN_ENUM_CONVERSION = YES;
				CLANG_WARN_INFINITE_RECURSION = YES;
				CLANG_WARN_INT_CONVERSION = YES;
				CLANG_WARN_NON_LITERAL_NULL_CONVERSION = YES;
				CLANG_WARN_OBJC_IMPLICIT_RETAIN_SELF = YES;
				CLANG_WARN_OBJC_LITERAL_CONVERSION = YES;
				CLANG_WARN_OBJC_ROOT_CLASS = YES_ERROR;
				CLANG_WARN_QUOTED_INCLUDE_IN_FRAMEWORK_HEADER = YES;
				CLANG_WARN_RANGE_LOOP_ANALYSIS = YES;
				CLANG_WARN_STRICT_PROTOTYPES = YES;
				CLANG_WARN_SUSPICIOUS_MOVE = YES;
				CLANG_WARN_UNGUARDED_AVAILABILITY = YES_AGGRESSIVE;
				CLANG_WARN_UNREACHABLE_CODE = YES;
				CLANG_WARN__DUPLICATE_METHOD_MATCH = YES;
				COPY_PHASE_STRIP = NO;
				DEBUG_INFORMATION_FORMAT = dwarf;
				ENABLE_STRICT_OBJC_MSGSEND = YES;
				ENABLE_TESTABILITY = YES;
				GCC_C_LANGUAGE_STANDARD = gnu11;
				GCC_DYNAMIC_NO_PIC = NO;
				GCC_NO_COMMON_BLOCKS = YES;
				GCC_OPTIMIZATION_LEVEL = 0;
				GCC_PREPROCESSOR_DEFINITIONS = (
					"DEBUG=1",
					"$(inherited)",
				);
				GCC_WARN_64_TO_32_BIT_CONVERSION = YES;
				GCC_WARN_ABOUT_RETURN_TYPE = YES_ERROR;
				GCC_WARN_UNDECLARED_SELECTOR = YES;
				GCC_WARN_UNINITIALIZED_AUTOS = YES_AGGRESSIVE;
				GCC_WARN_UNUSED_FUNCTION = YES;
				GCC_WARN_UNUSED_VARIABLE = YES;
				IPHONEOS_DEPLOYMENT_TARGET = 16.2;
				MTL_ENABLE_DEBUG_INFO = INCLUDE_SOURCE;
				MTL_FAST_MATH = YES;
				ONLY_ACTIVE_ARCH = YES;
				SDKROOT = iphoneos;
				SWIFT_ACTIVE_COMPILATION_CONDITIONS = DEBUG;
				SWIFT_OPTIMIZATION_LEVEL = "-Onone";
			};
			name = Debug;
		};
		99A3B8A0299B9F7C00AE76A8 /* Release */ = {
			isa = XCBuildConfiguration;
			buildSettings = {
				ALWAYS_SEARCH_USER_PATHS = NO;
				CLANG_ANALYZER_NONNULL = YES;
				CLANG_ANALYZER_NUMBER_OBJECT_CONVERSION = YES_AGGRESSIVE;
				CLANG_CXX_LANGUAGE_STANDARD = "gnu++20";
				CLANG_ENABLE_MODULES = YES;
				CLANG_ENABLE_OBJC_ARC = YES;
				CLANG_ENABLE_OBJC_WEAK = YES;
				CLANG_WARN_BLOCK_CAPTURE_AUTORELEASING = YES;
				CLANG_WARN_BOOL_CONVERSION = YES;
				CLANG_WARN_COMMA = YES;
				CLANG_WARN_CONSTANT_CONVERSION = YES;
				CLANG_WARN_DEPRECATED_OBJC_IMPLEMENTATIONS = YES;
				CLANG_WARN_DIRECT_OBJC_ISA_USAGE = YES_ERROR;
				CLANG_WARN_DOCUMENTATION_COMMENTS = YES;
				CLANG_WARN_EMPTY_BODY = YES;
				CLANG_WARN_ENUM_CONVERSION = YES;
				CLANG_WARN_INFINITE_RECURSION = YES;
				CLANG_WARN_INT_CONVERSION = YES;
				CLANG_WARN_NON_LITERAL_NULL_CONVERSION = YES;
				CLANG_WARN_OBJC_IMPLICIT_RETAIN_SELF = YES;
				CLANG_WARN_OBJC_LITERAL_CONVERSION = YES;
				CLANG_WARN_OBJC_ROOT_CLASS = YES_ERROR;
				CLANG_WARN_QUOTED_INCLUDE_IN_FRAMEWORK_HEADER = YES;
				CLANG_WARN_RANGE_LOOP_ANALYSIS = YES;
				CLANG_WARN_STRICT_PROTOTYPES = YES;
				CLANG_WARN_SUSPICIOUS_MOVE = YES;
				CLANG_WARN_UNGUARDED_AVAILABILITY = YES_AGGRESSIVE;
				CLANG_WARN_UNREACHABLE_CODE = YES;
				CLANG_WARN__DUPLICATE_METHOD_MATCH = YES;
				COPY_PHASE_STRIP = NO;
				DEBUG_INFORMATION_FORMAT = "dwarf-with-dsym";
				ENABLE_NS_ASSERTIONS = NO;
				ENABLE_STRICT_OBJC_MSGSEND = YES;
				GCC_C_LANGUAGE_STANDARD = gnu11;
				GCC_NO_COMMON_BLOCKS = YES;
				GCC_WARN_64_TO_32_BIT_CONVERSION = YES;
				GCC_WARN_ABOUT_RETURN_TYPE = YES_ERROR;
				GCC_WARN_UNDECLARED_SELECTOR = YES;
				GCC_WARN_UNINITIALIZED_AUTOS = YES_AGGRESSIVE;
				GCC_WARN_UNUSED_FUNCTION = YES;
				GCC_WARN_UNUSED_VARIABLE = YES;
				IPHONEOS_DEPLOYMENT_TARGET = 16.2;
				MTL_ENABLE_DEBUG_INFO = NO;
				MTL_FAST_MATH = YES;
				SDKROOT = iphoneos;
				SWIFT_COMPILATION_MODE = wholemodule;
				SWIFT_OPTIMIZATION_LEVEL = "-O";
				VALIDATE_PRODUCT = YES;
			};
			name = Release;
		};
		99A3B8A2299B9F7C00AE76A8 /* Debug */ = {
			isa = XCBuildConfiguration;
			buildSettings = {
				ASSETCATALOG_COMPILER_APPICON_NAME = AppIcon;
				ASSETCATALOG_COMPILER_GLOBAL_ACCENT_COLOR_NAME = AccentColor;
				CODE_SIGN_STYLE = Automatic;
				CURRENT_PROJECT_VERSION = 1;
				DEVELOPMENT_ASSET_PATHS = "\"TMPracticeClient/Preview Content\"";
				ENABLE_PREVIEWS = YES;
				GENERATE_INFOPLIST_FILE = YES;
				INFOPLIST_KEY_UIApplicationSceneManifest_Generation = YES;
				INFOPLIST_KEY_UIApplicationSupportsIndirectInputEvents = YES;
				INFOPLIST_KEY_UILaunchScreen_Generation = YES;
				INFOPLIST_KEY_UISupportedInterfaceOrientations_iPad = "UIInterfaceOrientationPortrait UIInterfaceOrientationPortraitUpsideDown UIInterfaceOrientationLandscapeLeft UIInterfaceOrientationLandscapeRight";
				INFOPLIST_KEY_UISupportedInterfaceOrientations_iPhone = "UIInterfaceOrientationPortrait UIInterfaceOrientationLandscapeLeft UIInterfaceOrientationLandscapeRight";
				LD_RUNPATH_SEARCH_PATHS = (
					"$(inherited)",
					"@executable_path/Frameworks",
				);
				MARKETING_VERSION = 1.0;
				PRODUCT_BUNDLE_IDENTIFIER = timothy.TMPracticeClient;
				PRODUCT_NAME = "$(TARGET_NAME)";
				SWIFT_EMIT_LOC_STRINGS = YES;
				SWIFT_VERSION = 5.0;
				TARGETED_DEVICE_FAMILY = "1,2";
			};
			name = Debug;
		};
		99A3B8A3299B9F7C00AE76A8 /* Release */ = {
			isa = XCBuildConfiguration;
			buildSettings = {
				ASSETCATALOG_COMPILER_APPICON_NAME = AppIcon;
				ASSETCATALOG_COMPILER_GLOBAL_ACCENT_COLOR_NAME = AccentColor;
				CODE_SIGN_STYLE = Automatic;
				CURRENT_PROJECT_VERSION = 1;
				DEVELOPMENT_ASSET_PATHS = "\"TMPracticeClient/Preview Content\"";
				ENABLE_PREVIEWS = YES;
				GENERATE_INFOPLIST_FILE = YES;
				INFOPLIST_KEY_UIApplicationSceneManifest_Generation = YES;
				INFOPLIST_KEY_UIApplicationSupportsIndirectInputEvents = YES;
				INFOPLIST_KEY_UILaunchScreen_Generation = YES;
				INFOPLIST_KEY_UISupportedInterfaceOrientations_iPad = "UIInterfaceOrientationPortrait UIInterfaceOrientationPortraitUpsideDown UIInterfaceOrientationLandscapeLeft UIInterfaceOrientationLandscapeRight";
				INFOPLIST_KEY_UISupportedInterfaceOrientations_iPhone = "UIInterfaceOrientationPortrait UIInterfaceOrientationLandscapeLeft UIInterfaceOrientationLandscapeRight";
				LD_RUNPATH_SEARCH_PATHS = (
					"$(inherited)",
					"@executable_path/Frameworks",
				);
				MARKETING_VERSION = 1.0;
				PRODUCT_BUNDLE_IDENTIFIER = timothy.TMPracticeClient;
				PRODUCT_NAME = "$(TARGET_NAME)";
				SWIFT_EMIT_LOC_STRINGS = YES;
				SWIFT_VERSION = 5.0;
				TARGETED_DEVICE_FAMILY = "1,2";
			};
			name = Release;
		};
		99A3B8A5299B9F7C00AE76A8 /* Debug */ = {
			isa = XCBuildConfiguration;
			buildSettings = {
				ALWAYS_EMBED_SWIFT_STANDARD_LIBRARIES = YES;
				BUNDLE_LOADER = "$(TEST_HOST)";
				CODE_SIGN_STYLE = Automatic;
				CURRENT_PROJECT_VERSION = 1;
				GENERATE_INFOPLIST_FILE = YES;
				IPHONEOS_DEPLOYMENT_TARGET = 16.2;
				MARKETING_VERSION = 1.0;
				PRODUCT_BUNDLE_IDENTIFIER = timothy.TMPracticeClientTests;
				PRODUCT_NAME = "$(TARGET_NAME)";
				SWIFT_EMIT_LOC_STRINGS = NO;
				SWIFT_VERSION = 5.0;
				TARGETED_DEVICE_FAMILY = "1,2";
				TEST_HOST = "$(BUILT_PRODUCTS_DIR)/TMPracticeClient.app/$(BUNDLE_EXECUTABLE_FOLDER_PATH)/TMPracticeClient";
			};
			name = Debug;
		};
		99A3B8A6299B9F7C00AE76A8 /* Release */ = {
			isa = XCBuildConfiguration;
			buildSettings = {
				ALWAYS_EMBED_SWIFT_STANDARD_LIBRARIES = YES;
				BUNDLE_LOADER = "$(TEST_HOST)";
				CODE_SIGN_STYLE = Automatic;
				CURRENT_PROJECT_VERSION = 1;
				GENERATE_INFOPLIST_FILE = YES;
				IPHONEOS_DEPLOYMENT_TARGET = 16.2;
				MARKETING_VERSION = 1.0;
				PRODUCT_BUNDLE_IDENTIFIER = timothy.TMPracticeClientTests;
				PRODUCT_NAME = "$(TARGET_NAME)";
				SWIFT_EMIT_LOC_STRINGS = NO;
				SWIFT_VERSION = 5.0;
				TARGETED_DEVICE_FAMILY = "1,2";
				TEST_HOST = "$(BUILT_PRODUCTS_DIR)/TMPracticeClient.app/$(BUNDLE_EXECUTABLE_FOLDER_PATH)/TMPracticeClient";
			};
			name = Release;
		};
		99A3B8A8299B9F7C00AE76A8 /* Debug */ = {
			isa = XCBuildConfiguration;
			buildSettings = {
				ALWAYS_EMBED_SWIFT_STANDARD_LIBRARIES = YES;
				CODE_SIGN_STYLE = Automatic;
				CURRENT_PROJECT_VERSION = 1;
				GENERATE_INFOPLIST_FILE = YES;
				MARKETING_VERSION = 1.0;
				PRODUCT_BUNDLE_IDENTIFIER = timothy.TMPracticeClientUITests;
				PRODUCT_NAME = "$(TARGET_NAME)";
				SWIFT_EMIT_LOC_STRINGS = NO;
				SWIFT_VERSION = 5.0;
				TARGETED_DEVICE_FAMILY = "1,2";
				TEST_TARGET_NAME = TMPracticeClient;
			};
			name = Debug;
		};
		99A3B8A9299B9F7C00AE76A8 /* Release */ = {
			isa = XCBuildConfiguration;
			buildSettings = {
				ALWAYS_EMBED_SWIFT_STANDARD_LIBRARIES = YES;
				CODE_SIGN_STYLE = Automatic;
				CURRENT_PROJECT_VERSION = 1;
				GENERATE_INFOPLIST_FILE = YES;
				MARKETING_VERSION = 1.0;
				PRODUCT_BUNDLE_IDENTIFIER = timothy.TMPracticeClientUITests;
				PRODUCT_NAME = "$(TARGET_NAME)";
				SWIFT_EMIT_LOC_STRINGS = NO;
				SWIFT_VERSION = 5.0;
				TARGETED_DEVICE_FAMILY = "1,2";
				TEST_TARGET_NAME = TMPracticeClient;
			};
			name = Release;
		};
/* End XCBuildConfiguration section */

/* Begin XCConfigurationList section */
		99A3B878299B9F7800AE76A8 /* Build configuration list for PBXProject "TMPracticeClient" */ = {
			isa = XCConfigurationList;
			buildConfigurations = (
				99A3B89F299B9F7C00AE76A8 /* Debug */,
				99A3B8A0299B9F7C00AE76A8 /* Release */,
			);
			defaultConfigurationIsVisible = 0;
			defaultConfigurationName = Release;
		};
		99A3B8A1299B9F7C00AE76A8 /* Build configuration list for PBXNativeTarget "TMPracticeClient" */ = {
			isa = XCConfigurationList;
			buildConfigurations = (
				99A3B8A2299B9F7C00AE76A8 /* Debug */,
				99A3B8A3299B9F7C00AE76A8 /* Release */,
			);
			defaultConfigurationIsVisible = 0;
			defaultConfigurationName = Release;
		};
		99A3B8A4299B9F7C00AE76A8 /* Build configuration list for PBXNativeTarget "TMPracticeClientTests" */ = {
			isa = XCConfigurationList;
			buildConfigurations = (
				99A3B8A5299B9F7C00AE76A8 /* Debug */,
				99A3B8A6299B9F7C00AE76A8 /* Release */,
			);
			defaultConfigurationIsVisible = 0;
			defaultConfigurationName = Release;
		};
		99A3B8A7299B9F7C00AE76A8 /* Build configuration list for PBXNativeTarget "TMPracticeClientUITests" */ = {
			isa = XCConfigurationList;
			buildConfigurations = (
				99A3B8A8299B9F7C00AE76A8 /* Debug */,
				99A3B8A9299B9F7C00AE76A8 /* Release */,
			);
			defaultConfigurationIsVisible = 0;
			defaultConfigurationName = Release;
		};
/* End XCConfigurationList section */
	};
	rootObject = 99A3B875299B9F7800AE76A8 /* Project object */;
}
